
Microsoft Visual Studio Solution File, Format Version 12.00
# Visual Studio Version 16
VisualStudioVersion = 16.0.32228.343
MinimumVisualStudioVersion = 10.0.40219.1
Project("{FAE04EC0-301F-11D3-BF4B-00C04F79EFBC}") = "RenderAdmin", "RenderAdmin\RenderAdmin.csproj", "{87CE0A10-AC98-47F2-84EA-E3C246AB99F3}"
EndProject
Global
	GlobalSection(SolutionConfigurationPlatforms) = preSolution
		Debug|Any CPU = Debug|Any CPU
		Release|Any CPU = Release|Any CPU
	EndGlobalSection
	GlobalSection(ProjectConfigurationPlatforms) = postSolution
		{87CE0A10-AC98-47F2-84EA-E3C246AB99F3}.Debug|Any CPU.ActiveCfg = Debug|Any CPU
		{87CE0A10-AC98-47F2-84EA-E3C246AB99F3}.Debug|Any CPU.Build.0 = Debug|Any CPU
		{87CE0A10-AC98-47F2-84EA-E3C246AB99F3}.Release|Any CPU.ActiveCfg = Release|Any CPU
		{87CE0A10-AC98-47F2-84EA-E3C246AB99F3}.Release|Any CPU.Build.0 = Release|Any CPU
	EndGlobalSection
	GlobalSection(SolutionProperties) = preSolution
		HideSolutionNode = FALSE
	EndGlobalSection
	GlobalSection(ExtensibilityGlobals) = postSolution
		SolutionGuid = {3260F8B9-F143-415F-AC9F-75511FF8793C}
	EndGlobalSection
EndGlobal
